
Microsoft Visual Studio Solution File, Format Version 12.00
# Visual Studio 15
VisualStudioVersion = 15.0.26124.0
MinimumVisualStudioVersion = 15.0.26124.0
Project("{FAE04EC0-301F-11D3-BF4B-00C04F79EFBC}") = "TableauCri", "TableauCri\TableauCri.csproj", "{5193D232-E1D7-479A-A194-A50871E2400E}"
EndProject
Project("{FAE04EC0-301F-11D3-BF4B-00C04F79EFBC}") = "TableauCri.Tests", "TableauCri.Tests\TableauCri.Tests.csproj", "{31962FA1-5712-4764-A5F4-E31CC08B1F3C}"
EndProject
Global
	GlobalSection(SolutionConfigurationPlatforms) = preSolution
		Debug|Any CPU = Debug|Any CPU
		Debug|x64 = Debug|x64
		Debug|x86 = Debug|x86
		Release|Any CPU = Release|Any CPU
		Release|x64 = Release|x64
		Release|x86 = Release|x86
	EndGlobalSection
	GlobalSection(SolutionProperties) = preSolution
		HideSolutionNode = FALSE
	EndGlobalSection
	GlobalSection(ProjectConfigurationPlatforms) = postSolution
		{5193D232-E1D7-479A-A194-A50871E2400E}.Debug|Any CPU.ActiveCfg = Debug|Any CPU
		{5193D232-E1D7-479A-A194-A50871E2400E}.Debug|Any CPU.Build.0 = Debug|Any CPU
		{5193D232-E1D7-479A-A194-A50871E2400E}.Debug|x64.ActiveCfg = Debug|Any CPU
		{5193D232-E1D7-479A-A194-A50871E2400E}.Debug|x64.Build.0 = Debug|Any CPU
		{5193D232-E1D7-479A-A194-A50871E2400E}.Debug|x86.ActiveCfg = Debug|Any CPU
		{5193D232-E1D7-479A-A194-A50871E2400E}.Debug|x86.Build.0 = Debug|Any CPU
		{5193D232-E1D7-479A-A194-A50871E2400E}.Release|Any CPU.ActiveCfg = Release|Any CPU
		{5193D232-E1D7-479A-A194-A50871E2400E}.Release|Any CPU.Build.0 = Release|Any CPU
		{5193D232-E1D7-479A-A194-A50871E2400E}.Release|x64.ActiveCfg = Release|Any CPU
		{5193D232-E1D7-479A-A194-A50871E2400E}.Release|x64.Build.0 = Release|Any CPU
		{5193D232-E1D7-479A-A194-A50871E2400E}.Release|x86.ActiveCfg = Release|Any CPU
		{5193D232-E1D7-479A-A194-A50871E2400E}.Release|x86.Build.0 = Release|Any CPU
		{31962FA1-5712-4764-A5F4-E31CC08B1F3C}.Debug|Any CPU.ActiveCfg = Debug|Any CPU
		{31962FA1-5712-4764-A5F4-E31CC08B1F3C}.Debug|Any CPU.Build.0 = Debug|Any CPU
		{31962FA1-5712-4764-A5F4-E31CC08B1F3C}.Debug|x64.ActiveCfg = Debug|Any CPU
		{31962FA1-5712-4764-A5F4-E31CC08B1F3C}.Debug|x64.Build.0 = Debug|Any CPU
		{31962FA1-5712-4764-A5F4-E31CC08B1F3C}.Debug|x86.ActiveCfg = Debug|Any CPU
		{31962FA1-5712-4764-A5F4-E31CC08B1F3C}.Debug|x86.Build.0 = Debug|Any CPU
		{31962FA1-5712-4764-A5F4-E31CC08B1F3C}.Release|Any CPU.ActiveCfg = Release|Any CPU
		{31962FA1-5712-4764-A5F4-E31CC08B1F3C}.Release|Any CPU.Build.0 = Release|Any CPU
		{31962FA1-5712-4764-A5F4-E31CC08B1F3C}.Release|x64.ActiveCfg = Release|Any CPU
		{31962FA1-5712-4764-A5F4-E31CC08B1F3C}.Release|x64.Build.0 = Release|Any CPU
		{31962FA1-5712-4764-A5F4-E31CC08B1F3C}.Release|x86.ActiveCfg = Release|Any CPU
		{31962FA1-5712-4764-A5F4-E31CC08B1F3C}.Release|x86.Build.0 = Release|Any CPU
	EndGlobalSection
EndGlobal
